
Microsoft Visual Studio Solution File, Format Version 12.00
# Visual Studio 15
VisualStudioVersion = 15.0.28010.2046
MinimumVisualStudioVersion = 10.0.40219.1
Project("{8BC9CEB8-8B4A-11D0-8D11-00A0C91BC942}") = "ut", "ut\ut.vcxproj", "{5E98B199-3BB0-4ECE-A545-9F104279C624}"
EndProject
Project("{8BC9CEB8-8B4A-11D0-8D11-00A0C91BC942}") = "ut.Tests", "ut.Tests\ut.Tests.vcxproj", "{147A09D4-7390-4513-9B52-8B9385EF9398}"
EndProject
Global
	GlobalSection(SolutionConfigurationPlatforms) = preSolution
		Debug|x64 = Debug|x64
		Debug|x86 = Debug|x86
		Release|x64 = Release|x64
		Release|x86 = Release|x86
	EndGlobalSection
	GlobalSection(ProjectConfigurationPlatforms) = postSolution
		{5E98B199-3BB0-4ECE-A545-9F104279C624}.Debug|x64.ActiveCfg = Debug|x64
		{5E98B199-3BB0-4ECE-A545-9F104279C624}.Debug|x64.Build.0 = Debug|x64
		{5E98B199-3BB0-4ECE-A545-9F104279C624}.Debug|x86.ActiveCfg = Debug|Win32
		{5E98B199-3BB0-4ECE-A545-9F104279C624}.Debug|x86.Build.0 = Debug|Win32
		{5E98B199-3BB0-4ECE-A545-9F104279C624}.Release|x64.ActiveCfg = Release|x64
		{5E98B199-3BB0-4ECE-A545-9F104279C624}.Release|x64.Build.0 = Release|x64
		{5E98B199-3BB0-4ECE-A545-9F104279C624}.Release|x86.ActiveCfg = Release|Win32
		{5E98B199-3BB0-4ECE-A545-9F104279C624}.Release|x86.Build.0 = Release|Win32
		{147A09D4-7390-4513-9B52-8B9385EF9398}.Debug|x64.ActiveCfg = Debug|x64
		{147A09D4-7390-4513-9B52-8B9385EF9398}.Debug|x64.Build.0 = Debug|x64
		{147A09D4-7390-4513-9B52-8B9385EF9398}.Debug|x86.ActiveCfg = Debug|Win32
		{147A09D4-7390-4513-9B52-8B9385EF9398}.Debug|x86.Build.0 = Debug|Win32
		{147A09D4-7390-4513-9B52-8B9385EF9398}.Release|x64.ActiveCfg = Release|x64
		{147A09D4-7390-4513-9B52-8B9385EF9398}.Release|x64.Build.0 = Release|x64
		{147A09D4-7390-4513-9B52-8B9385EF9398}.Release|x86.ActiveCfg = Release|Win32
		{147A09D4-7390-4513-9B52-8B9385EF9398}.Release|x86.Build.0 = Release|Win32
	EndGlobalSection
	GlobalSection(SolutionProperties) = preSolution
		HideSolutionNode = FALSE
	EndGlobalSection
	GlobalSection(ExtensibilityGlobals) = postSolution
		SolutionGuid = {06684C97-EA8B-4CB5-8E29-123BF6A70E11}
	EndGlobalSection
EndGlobal
